// !$*UTF8*$!
{
	archiveVersion = 1;
	classes = {
	};
	objectVersion = 55;
	objects = {

/* Begin PBXBuildFile section */
		C15141722876C39800B3A632 /* TXLiteAVSDK_Framework.framework in Frameworks */ = {isa = PBXBuildFile; fileRef = C15141702876C38C00B3A632 /* TXLiteAVSDK_Framework.framework */; platformFilter = ios; };
		C15141752876C68300B3A632 /* ReplayKit.framework in Frameworks */ = {isa = PBXBuildFile; fileRef = C15141742876C68300B3A632 /* ReplayKit.framework */; };
		C15141772876C6B000B3A632 /* GLKit.framework in Frameworks */ = {isa = PBXBuildFile; fileRef = C15141762876C6B000B3A632 /* GLKit.framework */; };
		C151417F2876DE1B00B3A632 /* NSObject+TXLivePush.mm in Sources */ = {isa = PBXBuildFile; fileRef = C151417D2876DE1B00B3A632 /* NSObject+TXLivePush.mm */; };
		C15141802876DE1B00B3A632 /* NSObject+TXLivePush.h in Headers */ = {isa = PBXBuildFile; fileRef = C151417E2876DE1B00B3A632 /* NSObject+TXLivePush.h */; };
		C1D71F65287684D400C6C510 /* Metal.framework in Frameworks */ = {isa = PBXBuildFile; fileRef = C1D71F64287684D400C6C510 /* Metal.framework */; };
		C1D71F67287684E000C6C510 /* libsqlite3.tbd in Frameworks */ = {isa = PBXBuildFile; fileRef = C1D71F66287684E000C6C510 /* libsqlite3.tbd */; };
		C1D71F69287684EB00C6C510 /* libresolv.tbd in Frameworks */ = {isa = PBXBuildFile; fileRef = C1D71F68287684EB00C6C510 /* libresolv.tbd */; };
		C1D71F6B287684F500C6C510 /* libc++.tbd in Frameworks */ = {isa = PBXBuildFile; fileRef = C1D71F6A287684F500C6C510 /* libc++.tbd */; };
		C1D71F6D287684FD00C6C510 /* libz.tbd in Frameworks */ = {isa = PBXBuildFile; fileRef = C1D71F6C287684FD00C6C510 /* libz.tbd */; };
		C1D71F6F2876850600C6C510 /* AVFoundation.framework in Frameworks */ = {isa = PBXBuildFile; fileRef = C1D71F6E2876850600C6C510 /* AVFoundation.framework */; };
		C1D71F712876852000C6C510 /* VideoToolbox.framework in Frameworks */ = {isa = PBXBuildFile; fileRef = C1D71F702876852000C6C510 /* VideoToolbox.framework */; };
		C1D71F732876853900C6C510 /* Security.framework in Frameworks */ = {isa = PBXBuildFile; fileRef = C1D71F722876853900C6C510 /* Security.framework */; };
		C1D71F752876854200C6C510 /* CoreGraphics.framework in Frameworks */ = {isa = PBXBuildFile; fileRef = C1D71F742876854200C6C510 /* CoreGraphics.framework */; };
		C1D71F772876854D00C6C510 /* CoreMedia.framework in Frameworks */ = {isa = PBXBuildFile; fileRef = C1D71F762876854D00C6C510 /* CoreMedia.framework */; };
		C1D71F792876855400C6C510 /* AssetsLibrary.framework in Frameworks */ = {isa = PBXBuildFile; fileRef = C1D71F782876855400C6C510 /* AssetsLibrary.framework */; };
		C1D71F7B2876856C00C6C510 /* CoreTelephony.framework in Frameworks */ = {isa = PBXBuildFile; fileRef = C1D71F7A2876856C00C6C510 /* CoreTelephony.framework */; };
		C1D71F7D2876857600C6C510 /* Accelerate.framework in Frameworks */ = {isa = PBXBuildFile; fileRef = C1D71F7C2876857600C6C510 /* Accelerate.framework */; };
		C1D71F7F2876858800C6C510 /* SystemConfiguration.framework in Frameworks */ = {isa = PBXBuildFile; fileRef = C1D71F7E2876858800C6C510 /* SystemConfiguration.framework */; };
		C1D71F812876858F00C6C510 /* MobileCoreServices.framework in Frameworks */ = {isa = PBXBuildFile; fileRef = C1D71F802876858F00C6C510 /* MobileCoreServices.framework */; };
		C1D71F832876859C00C6C510 /* MetalKit.framework in Frameworks */ = {isa = PBXBuildFile; fileRef = C1D71F822876859C00C6C510 /* MetalKit.framework */; };
		C1D71F85287685A600C6C510 /* Foundation.framework in Frameworks */ = {isa = PBXBuildFile; fileRef = C1D71F84287685A600C6C510 /* Foundation.framework */; };
		C1D71F87287686B600C6C510 /* InjectionFramework.framework in Frameworks */ = {isa = PBXBuildFile; fileRef = C1E8B7692875ACBD001EFCB3 /* InjectionFramework.framework */; };
		C1D71F88287686B600C6C510 /* InjectionFramework.framework in Embed Frameworks */ = {isa = PBXBuildFile; fileRef = C1E8B7692875ACBD001EFCB3 /* InjectionFramework.framework */; settings = {ATTRIBUTES = (CodeSignOnCopy, RemoveHeadersOnCopy, ); }; };
		C1D71FD02876885C00C6C510 /* TXFFmpeg.xcframework in Frameworks */ = {isa = PBXBuildFile; fileRef = C1D71FCB2876878D00C6C510 /* TXFFmpeg.xcframework */; };
		C1D71FD12876885C00C6C510 /* TXFFmpeg.xcframework in Embed Frameworks */ = {isa = PBXBuildFile; fileRef = C1D71FCB2876878D00C6C510 /* TXFFmpeg.xcframework */; settings = {ATTRIBUTES = (CodeSignOnCopy, RemoveHeadersOnCopy, ); }; };
		C1D71FD32876885F00C6C510 /* TXSoundTouch.xcframework in Frameworks */ = {isa = PBXBuildFile; fileRef = C1D71FCA2876878D00C6C510 /* TXSoundTouch.xcframework */; };
		C1D71FD42876885F00C6C510 /* TXSoundTouch.xcframework in Embed Frameworks */ = {isa = PBXBuildFile; fileRef = C1D71FCA2876878D00C6C510 /* TXSoundTouch.xcframework */; settings = {ATTRIBUTES = (CodeSignOnCopy, RemoveHeadersOnCopy, ); }; };
		C1E8B74B2875AB58001EFCB3 /* AppDelegate.m in Sources */ = {isa = PBXBuildFile; fileRef = C1E8B74A2875AB58001EFCB3 /* AppDelegate.m */; };
		C1E8B74E2875AB58001EFCB3 /* SceneDelegate.m in Sources */ = {isa = PBXBuildFile; fileRef = C1E8B74D2875AB58001EFCB3 /* SceneDelegate.m */; };
		C1E8B7512875AB58001EFCB3 /* ViewController.m in Sources */ = {isa = PBXBuildFile; fileRef = C1E8B7502875AB58001EFCB3 /* ViewController.m */; };
		C1E8B7542875AB58001EFCB3 /* Main.storyboard in Resources */ = {isa = PBXBuildFile; fileRef = C1E8B7522875AB58001EFCB3 /* Main.storyboard */; };
		C1E8B7562875AB59001EFCB3 /* Assets.xcassets in Resources */ = {isa = PBXBuildFile; fileRef = C1E8B7552875AB59001EFCB3 /* Assets.xcassets */; };
		C1E8B7592875AB59001EFCB3 /* LaunchScreen.storyboard in Resources */ = {isa = PBXBuildFile; fileRef = C1E8B7572875AB59001EFCB3 /* LaunchScreen.storyboard */; };
		C1E8B75C2875AB59001EFCB3 /* main.m in Sources */ = {isa = PBXBuildFile; fileRef = C1E8B75B2875AB59001EFCB3 /* main.m */; };
		C1E8B79628767CB3001EFCB3 /* NSObject+NSBundle.mm in Sources */ = {isa = PBXBuildFile; fileRef = C1E8B78328767CB3001EFCB3 /* NSObject+NSBundle.mm */; };
		C1E8B79728767CB3001EFCB3 /* NSObject+injection_exchange.h in Headers */ = {isa = PBXBuildFile; fileRef = C1E8B78428767CB3001EFCB3 /* NSObject+injection_exchange.h */; };
		C1E8B79828767CB3001EFCB3 /* FrameworkHeader.h in Headers */ = {isa = PBXBuildFile; fileRef = C1E8B78528767CB3001EFCB3 /* FrameworkHeader.h */; };
		C1E8B79928767CB3001EFCB3 /* NSObject+TXLivePlayer.h in Headers */ = {isa = PBXBuildFile; fileRef = C1E8B78628767CB3001EFCB3 /* NSObject+TXLivePlayer.h */; };
		C1E8B79A28767CB3001EFCB3 /* NSObject+TXLivePlayer.mm in Sources */ = {isa = PBXBuildFile; fileRef = C1E8B78728767CB3001EFCB3 /* NSObject+TXLivePlayer.mm */; };
		C1E8B79B28767CB3001EFCB3 /* NSObject+TRTCCloud.h in Headers */ = {isa = PBXBuildFile; fileRef = C1E8B78828767CB3001EFCB3 /* NSObject+TRTCCloud.h */; };
		C1E8B79C28767CB3001EFCB3 /* NSObject+V2TXLivePlayer.h in Headers */ = {isa = PBXBuildFile; fileRef = C1E8B78928767CB3001EFCB3 /* NSObject+V2TXLivePlayer.h */; };
		C1E8B79D28767CB3001EFCB3 /* InjectionFunction.mm in Sources */ = {isa = PBXBuildFile; fileRef = C1E8B78A28767CB3001EFCB3 /* InjectionFunction.mm */; };
		C1E8B79E28767CB4001EFCB3 /* NSObject+V2TXLivePusher.h in Headers */ = {isa = PBXBuildFile; fileRef = C1E8B78B28767CB3001EFCB3 /* NSObject+V2TXLivePusher.h */; };
		C1E8B79F28767CB4001EFCB3 /* NSObject+NSBundle.h in Headers */ = {isa = PBXBuildFile; fileRef = C1E8B78C28767CB3001EFCB3 /* NSObject+NSBundle.h */; };
		C1E8B7A028767CB4001EFCB3 /* NSObject+injection_exchange.m in Sources */ = {isa = PBXBuildFile; fileRef = C1E8B78D28767CB3001EFCB3 /* NSObject+injection_exchange.m */; };
		C1E8B7A128767CB4001EFCB3 /* NSObject+TXLiveBase.h in Headers */ = {isa = PBXBuildFile; fileRef = C1E8B78E28767CB3001EFCB3 /* NSObject+TXLiveBase.h */; };
		C1E8B7A228767CB4001EFCB3 /* NSObject+TXLiveBase.mm in Sources */ = {isa = PBXBuildFile; fileRef = C1E8B78F28767CB3001EFCB3 /* NSObject+TXLiveBase.mm */; };
		C1E8B7A328767CB4001EFCB3 /* InjectionFrameworkManage.h in Headers */ = {isa = PBXBuildFile; fileRef = C1E8B79028767CB3001EFCB3 /* InjectionFrameworkManage.h */; };
		C1E8B7A428767CB4001EFCB3 /* NSObject+V2TXLivePlayer.mm in Sources */ = {isa = PBXBuildFile; fileRef = C1E8B79128767CB3001EFCB3 /* NSObject+V2TXLivePlayer.mm */; };
		C1E8B7A528767CB4001EFCB3 /* InjectionFrameworkManage.mm in Sources */ = {isa = PBXBuildFile; fileRef = C1E8B79228767CB3001EFCB3 /* InjectionFrameworkManage.mm */; };
		C1E8B7A628767CB4001EFCB3 /* NSObject+TRTCCloud.mm in Sources */ = {isa = PBXBuildFile; fileRef = C1E8B79328767CB3001EFCB3 /* NSObject+TRTCCloud.mm */; };
		C1E8B7A728767CB4001EFCB3 /* InjectionFunction.h in Headers */ = {isa = PBXBuildFile; fileRef = C1E8B79428767CB3001EFCB3 /* InjectionFunction.h */; };
		C1E8B7A828767CB4001EFCB3 /* NSObject+V2TXLivePusher.mm in Sources */ = {isa = PBXBuildFile; fileRef = C1E8B79528767CB3001EFCB3 /* NSObject+V2TXLivePusher.mm */; };
/* End PBXBuildFile section */

/* Begin PBXContainerItemProxy section */
		C1E8B77D28767BDA001EFCB3 /* PBXContainerItemProxy */ = {
			isa = PBXContainerItemProxy;
			containerPortal = C1E8B77928767BDA001EFCB3 /* DependProject.xcodeproj */;
			proxyType = 2;
			remoteGlobalIDString = 042FB01427BD17D90059FCA8;
			remoteInfo = DependProject;
		};
/* End PBXContainerItemProxy section */

/* Begin PBXCopyFilesBuildPhase section */
		C1D71F89287686B600C6C510 /* Embed Frameworks */ = {
			isa = PBXCopyFilesBuildPhase;
			buildActionMask = 2147483647;
			dstPath = "";
			dstSubfolderSpec = 10;
			files = (
				C1D71F88287686B600C6C510 /* InjectionFramework.framework in Embed Frameworks */,
			);
			name = "Embed Frameworks";
			runOnlyForDeploymentPostprocessing = 0;
		};
		C1D71FD22876885D00C6C510 /* Embed Frameworks */ = {
			isa = PBXCopyFilesBuildPhase;
			buildActionMask = 2147483647;
			dstPath = "";
			dstSubfolderSpec = 10;
			files = (
				C1D71FD12876885C00C6C510 /* TXFFmpeg.xcframework in Embed Frameworks */,
				C1D71FD42876885F00C6C510 /* TXSoundTouch.xcframework in Embed Frameworks */,
			);
			name = "Embed Frameworks";
			runOnlyForDeploymentPostprocessing = 0;
		};
/* End PBXCopyFilesBuildPhase section */

/* Begin PBXFileReference section */
		C15141702876C38C00B3A632 /* TXLiteAVSDK_Framework.framework */ = {isa = PBXFileReference; lastKnownFileType = wrapper.framework; path = TXLiteAVSDK_Framework.framework; sourceTree = "<group>"; };
		C15141742876C68300B3A632 /* ReplayKit.framework */ = {isa = PBXFileReference; lastKnownFileType = wrapper.framework; name = ReplayKit.framework; path = Platforms/MacOSX.platform/Developer/SDKs/MacOSX12.3.sdk/System/iOSSupport/System/Library/Frameworks/ReplayKit.framework; sourceTree = DEVELOPER_DIR; };
		C15141762876C6B000B3A632 /* GLKit.framework */ = {isa = PBXFileReference; lastKnownFileType = wrapper.framework; name = GLKit.framework; path = System/Library/Frameworks/GLKit.framework; sourceTree = SDKROOT; };
		C151417D2876DE1B00B3A632 /* NSObject+TXLivePush.mm */ = {isa = PBXFileReference; fileEncoding = 4; lastKnownFileType = sourcecode.cpp.objcpp; path = "NSObject+TXLivePush.mm"; sourceTree = "<group>"; };
		C151417E2876DE1B00B3A632 /* NSObject+TXLivePush.h */ = {isa = PBXFileReference; fileEncoding = 4; lastKnownFileType = sourcecode.c.h; path = "NSObject+TXLivePush.h"; sourceTree = "<group>"; };
		C151418C2876E3A100B3A632 /* source_debug.config */ = {isa = PBXFileReference; lastKnownFileType = text; name = source_debug.config; path = ../Shell/Source_Debug_CI/source_debug.config; sourceTree = "<group>"; };
		C1D71F64287684D400C6C510 /* Metal.framework */ = {isa = PBXFileReference; lastKnownFileType = wrapper.framework; name = Metal.framework; path = Platforms/MacOSX.platform/Developer/SDKs/MacOSX12.3.sdk/System/Library/Frameworks/Metal.framework; sourceTree = DEVELOPER_DIR; };
		C1D71F66287684E000C6C510 /* libsqlite3.tbd */ = {isa = PBXFileReference; lastKnownFileType = "sourcecode.text-based-dylib-definition"; name = libsqlite3.tbd; path = Platforms/MacOSX.platform/Developer/SDKs/MacOSX12.3.sdk/usr/lib/libsqlite3.tbd; sourceTree = DEVELOPER_DIR; };
		C1D71F68287684EB00C6C510 /* libresolv.tbd */ = {isa = PBXFileReference; lastKnownFileType = "sourcecode.text-based-dylib-definition"; name = libresolv.tbd; path = Platforms/MacOSX.platform/Developer/SDKs/MacOSX12.3.sdk/usr/lib/libresolv.tbd; sourceTree = DEVELOPER_DIR; };
		C1D71F6A287684F500C6C510 /* libc++.tbd */ = {isa = PBXFileReference; lastKnownFileType = "sourcecode.text-based-dylib-definition"; name = "libc++.tbd"; path = "Platforms/MacOSX.platform/Developer/SDKs/MacOSX12.3.sdk/usr/lib/libc++.tbd"; sourceTree = DEVELOPER_DIR; };
		C1D71F6C287684FD00C6C510 /* libz.tbd */ = {isa = PBXFileReference; lastKnownFileType = "sourcecode.text-based-dylib-definition"; name = libz.tbd; path = Platforms/MacOSX.platform/Developer/SDKs/MacOSX12.3.sdk/usr/lib/libz.tbd; sourceTree = DEVELOPER_DIR; };
		C1D71F6E2876850600C6C510 /* AVFoundation.framework */ = {isa = PBXFileReference; lastKnownFileType = wrapper.framework; name = AVFoundation.framework; path = Platforms/MacOSX.platform/Developer/SDKs/MacOSX12.3.sdk/System/Library/Frameworks/AVFoundation.framework; sourceTree = DEVELOPER_DIR; };
		C1D71F702876852000C6C510 /* VideoToolbox.framework */ = {isa = PBXFileReference; lastKnownFileType = wrapper.framework; name = VideoToolbox.framework; path = Platforms/MacOSX.platform/Developer/SDKs/MacOSX12.3.sdk/System/Library/Frameworks/VideoToolbox.framework; sourceTree = DEVELOPER_DIR; };
		C1D71F722876853900C6C510 /* Security.framework */ = {isa = PBXFileReference; lastKnownFileType = wrapper.framework; name = Security.framework; path = Platforms/MacOSX.platform/Developer/SDKs/MacOSX12.3.sdk/System/Library/Frameworks/Security.framework; sourceTree = DEVELOPER_DIR; };
		C1D71F742876854200C6C510 /* CoreGraphics.framework */ = {isa = PBXFileReference; lastKnownFileType = wrapper.framework; name = CoreGraphics.framework; path = Platforms/MacOSX.platform/Developer/SDKs/MacOSX12.3.sdk/System/Library/Frameworks/CoreGraphics.framework; sourceTree = DEVELOPER_DIR; };
		C1D71F762876854D00C6C510 /* CoreMedia.framework */ = {isa = PBXFileReference; lastKnownFileType = wrapper.framework; name = CoreMedia.framework; path = Platforms/MacOSX.platform/Developer/SDKs/MacOSX12.3.sdk/System/Library/Frameworks/CoreMedia.framework; sourceTree = DEVELOPER_DIR; };
		C1D71F782876855400C6C510 /* AssetsLibrary.framework */ = {isa = PBXFileReference; lastKnownFileType = wrapper.framework; name = AssetsLibrary.framework; path = Platforms/MacOSX.platform/Developer/SDKs/MacOSX12.3.sdk/System/iOSSupport/System/Library/Frameworks/AssetsLibrary.framework; sourceTree = DEVELOPER_DIR; };
		C1D71F7A2876856C00C6C510 /* CoreTelephony.framework */ = {isa = PBXFileReference; lastKnownFileType = wrapper.framework; name = CoreTelephony.framework; path = Platforms/MacOSX.platform/Developer/SDKs/MacOSX12.3.sdk/System/Library/Frameworks/CoreTelephony.framework; sourceTree = DEVELOPER_DIR; };
		C1D71F7C2876857600C6C510 /* Accelerate.framework */ = {isa = PBXFileReference; lastKnownFileType = wrapper.framework; name = Accelerate.framework; path = Platforms/MacOSX.platform/Developer/SDKs/MacOSX12.3.sdk/System/Library/Frameworks/Accelerate.framework; sourceTree = DEVELOPER_DIR; };
		C1D71F7E2876858800C6C510 /* SystemConfiguration.framework */ = {isa = PBXFileReference; lastKnownFileType = wrapper.framework; name = SystemConfiguration.framework; path = Platforms/MacOSX.platform/Developer/SDKs/MacOSX12.3.sdk/System/Library/Frameworks/SystemConfiguration.framework; sourceTree = DEVELOPER_DIR; };
		C1D71F802876858F00C6C510 /* MobileCoreServices.framework */ = {isa = PBXFileReference; lastKnownFileType = wrapper.framework; name = MobileCoreServices.framework; path = Platforms/MacOSX.platform/Developer/SDKs/MacOSX12.3.sdk/System/iOSSupport/System/Library/Frameworks/MobileCoreServices.framework; sourceTree = DEVELOPER_DIR; };
		C1D71F822876859C00C6C510 /* MetalKit.framework */ = {isa = PBXFileReference; lastKnownFileType = wrapper.framework; name = MetalKit.framework; path = Platforms/MacOSX.platform/Developer/SDKs/MacOSX12.3.sdk/System/iOSSupport/System/Library/Frameworks/MetalKit.framework; sourceTree = DEVELOPER_DIR; };
		C1D71F84287685A600C6C510 /* Foundation.framework */ = {isa = PBXFileReference; lastKnownFileType = wrapper.framework; name = Foundation.framework; path = Platforms/MacOSX.platform/Developer/SDKs/MacOSX12.3.sdk/System/Library/Frameworks/Foundation.framework; sourceTree = DEVELOPER_DIR; };
		C1D71FCA2876878D00C6C510 /* TXSoundTouch.xcframework */ = {isa = PBXFileReference; lastKnownFileType = wrapper.xcframework; path = TXSoundTouch.xcframework; sourceTree = "<group>"; };
		C1D71FCB2876878D00C6C510 /* TXFFmpeg.xcframework */ = {isa = PBXFileReference; lastKnownFileType = wrapper.xcframework; path = TXFFmpeg.xcframework; sourceTree = "<group>"; };
		C1E8B7462875AB58001EFCB3 /* AppSourceDebugHookProject.app */ = {isa = PBXFileReference; explicitFileType = wrapper.application; includeInIndex = 0; path = AppSourceDebugHookProject.app; sourceTree = BUILT_PRODUCTS_DIR; };
		C1E8B7492875AB58001EFCB3 /* AppDelegate.h */ = {isa = PBXFileReference; lastKnownFileType = sourcecode.c.h; path = AppDelegate.h; sourceTree = "<group>"; };
		C1E8B74A2875AB58001EFCB3 /* AppDelegate.m */ = {isa = PBXFileReference; lastKnownFileType = sourcecode.c.objc; path = AppDelegate.m; sourceTree = "<group>"; };
		C1E8B74C2875AB58001EFCB3 /* SceneDelegate.h */ = {isa = PBXFileReference; lastKnownFileType = sourcecode.c.h; path = SceneDelegate.h; sourceTree = "<group>"; };
		C1E8B74D2875AB58001EFCB3 /* SceneDelegate.m */ = {isa = PBXFileReference; lastKnownFileType = sourcecode.c.objc; path = SceneDelegate.m; sourceTree = "<group>"; };
		C1E8B74F2875AB58001EFCB3 /* ViewController.h */ = {isa = PBXFileReference; lastKnownFileType = sourcecode.c.h; path = ViewController.h; sourceTree = "<group>"; };
		C1E8B7502875AB58001EFCB3 /* ViewController.m */ = {isa = PBXFileReference; lastKnownFileType = sourcecode.c.objc; path = ViewController.m; sourceTree = "<group>"; };
		C1E8B7532875AB58001EFCB3 /* Base */ = {isa = PBXFileReference; lastKnownFileType = file.storyboard; name = Base; path = Base.lproj/Main.storyboard; sourceTree = "<group>"; };
		C1E8B7552875AB59001EFCB3 /* Assets.xcassets */ = {isa = PBXFileReference; lastKnownFileType = folder.assetcatalog; path = Assets.xcassets; sourceTree = "<group>"; };
		C1E8B7582875AB59001EFCB3 /* Base */ = {isa = PBXFileReference; lastKnownFileType = file.storyboard; name = Base; path = Base.lproj/LaunchScreen.storyboard; sourceTree = "<group>"; };
		C1E8B75A2875AB59001EFCB3 /* Info.plist */ = {isa = PBXFileReference; lastKnownFileType = text.plist.xml; path = Info.plist; sourceTree = "<group>"; };
		C1E8B75B2875AB59001EFCB3 /* main.m */ = {isa = PBXFileReference; lastKnownFileType = sourcecode.c.objc; path = main.m; sourceTree = "<group>"; };
		C1E8B7692875ACBD001EFCB3 /* InjectionFramework.framework */ = {isa = PBXFileReference; explicitFileType = wrapper.framework; includeInIndex = 0; path = InjectionFramework.framework; sourceTree = BUILT_PRODUCTS_DIR; };
		C1E8B77928767BDA001EFCB3 /* DependProject.xcodeproj */ = {isa = PBXFileReference; lastKnownFileType = "wrapper.pb-project"; name = DependProject.xcodeproj; path = DependProject/DependProject.xcodeproj; sourceTree = "<group>"; };
		C1E8B78328767CB3001EFCB3 /* NSObject+NSBundle.mm */ = {isa = PBXFileReference; fileEncoding = 4; lastKnownFileType = sourcecode.cpp.objcpp; path = "NSObject+NSBundle.mm"; sourceTree = "<group>"; };
		C1E8B78428767CB3001EFCB3 /* NSObject+injection_exchange.h */ = {isa = PBXFileReference; fileEncoding = 4; lastKnownFileType = sourcecode.c.h; path = "NSObject+injection_exchange.h"; sourceTree = "<group>"; };
		C1E8B78528767CB3001EFCB3 /* FrameworkHeader.h */ = {isa = PBXFileReference; fileEncoding = 4; lastKnownFileType = sourcecode.c.h; path = FrameworkHeader.h; sourceTree = "<group>"; };
		C1E8B78628767CB3001EFCB3 /* NSObject+TXLivePlayer.h */ = {isa = PBXFileReference; fileEncoding = 4; lastKnownFileType = sourcecode.c.h; path = "NSObject+TXLivePlayer.h"; sourceTree = "<group>"; };
		C1E8B78728767CB3001EFCB3 /* NSObject+TXLivePlayer.mm */ = {isa = PBXFileReference; fileEncoding = 4; lastKnownFileType = sourcecode.cpp.objcpp; path = "NSObject+TXLivePlayer.mm"; sourceTree = "<group>"; };
		C1E8B78828767CB3001EFCB3 /* NSObject+TRTCCloud.h */ = {isa = PBXFileReference; fileEncoding = 4; lastKnownFileType = sourcecode.c.h; path = "NSObject+TRTCCloud.h"; sourceTree = "<group>"; };
		C1E8B78928767CB3001EFCB3 /* NSObject+V2TXLivePlayer.h */ = {isa = PBXFileReference; fileEncoding = 4; lastKnownFileType = sourcecode.c.h; path = "NSObject+V2TXLivePlayer.h"; sourceTree = "<group>"; };
		C1E8B78A28767CB3001EFCB3 /* InjectionFunction.mm */ = {isa = PBXFileReference; fileEncoding = 4; lastKnownFileType = sourcecode.cpp.objcpp; path = InjectionFunction.mm; sourceTree = "<group>"; };
		C1E8B78B28767CB3001EFCB3 /* NSObject+V2TXLivePusher.h */ = {isa = PBXFileReference; fileEncoding = 4; lastKnownFileType = sourcecode.c.h; path = "NSObject+V2TXLivePusher.h"; sourceTree = "<group>"; };
		C1E8B78C28767CB3001EFCB3 /* NSObject+NSBundle.h */ = {isa = PBXFileReference; fileEncoding = 4; lastKnownFileType = sourcecode.c.h; path = "NSObject+NSBundle.h"; sourceTree = "<group>"; };
		C1E8B78D28767CB3001EFCB3 /* NSObject+injection_exchange.m */ = {isa = PBXFileReference; fileEncoding = 4; lastKnownFileType = sourcecode.c.objc; path = "NSObject+injection_exchange.m"; sourceTree = "<group>"; };
		C1E8B78E28767CB3001EFCB3 /* NSObject+TXLiveBase.h */ = {isa = PBXFileReference; fileEncoding = 4; lastKnownFileType = sourcecode.c.h; path = "NSObject+TXLiveBase.h"; sourceTree = "<group>"; };
		C1E8B78F28767CB3001EFCB3 /* NSObject+TXLiveBase.mm */ = {isa = PBXFileReference; fileEncoding = 4; lastKnownFileType = sourcecode.cpp.objcpp; path = "NSObject+TXLiveBase.mm"; sourceTree = "<group>"; };
		C1E8B79028767CB3001EFCB3 /* InjectionFrameworkManage.h */ = {isa = PBXFileReference; fileEncoding = 4; lastKnownFileType = sourcecode.c.h; path = InjectionFrameworkManage.h; sourceTree = "<group>"; };
		C1E8B79128767CB3001EFCB3 /* NSObject+V2TXLivePlayer.mm */ = {isa = PBXFileReference; fileEncoding = 4; lastKnownFileType = sourcecode.cpp.objcpp; path = "NSObject+V2TXLivePlayer.mm"; sourceTree = "<group>"; };
		C1E8B79228767CB3001EFCB3 /* InjectionFrameworkManage.mm */ = {isa = PBXFileReference; fileEncoding = 4; lastKnownFileType = sourcecode.cpp.objcpp; path = InjectionFrameworkManage.mm; sourceTree = "<group>"; };
		C1E8B79328767CB3001EFCB3 /* NSObject+TRTCCloud.mm */ = {isa = PBXFileReference; fileEncoding = 4; lastKnownFileType = sourcecode.cpp.objcpp; path = "NSObject+TRTCCloud.mm"; sourceTree = "<group>"; };
		C1E8B79428767CB3001EFCB3 /* InjectionFunction.h */ = {isa = PBXFileReference; fileEncoding = 4; lastKnownFileType = sourcecode.c.h; path = InjectionFunction.h; sourceTree = "<group>"; };
		C1E8B79528767CB3001EFCB3 /* NSObject+V2TXLivePusher.mm */ = {isa = PBXFileReference; fileEncoding = 4; lastKnownFileType = sourcecode.cpp.objcpp; path = "NSObject+V2TXLivePusher.mm"; sourceTree = "<group>"; };
/* End PBXFileReference section */

/* Begin PBXFrameworksBuildPhase section */
		C1E8B7432875AB58001EFCB3 /* Frameworks */ = {
			isa = PBXFrameworksBuildPhase;
			buildActionMask = 2147483647;
			files = (
				C1D71F87287686B600C6C510 /* InjectionFramework.framework in Frameworks */,
			);
			runOnlyForDeploymentPostprocessing = 0;
		};
		C1E8B7662875ACBD001EFCB3 /* Frameworks */ = {
			isa = PBXFrameworksBuildPhase;
			buildActionMask = 2147483647;
			files = (
				C15141772876C6B000B3A632 /* GLKit.framework in Frameworks */,
				C15141752876C68300B3A632 /* ReplayKit.framework in Frameworks */,
				C1D71F85287685A600C6C510 /* Foundation.framework in Frameworks */,
				C1D71F832876859C00C6C510 /* MetalKit.framework in Frameworks */,
				C1D71F812876858F00C6C510 /* MobileCoreServices.framework in Frameworks */,
				C1D71FD02876885C00C6C510 /* TXFFmpeg.xcframework in Frameworks */,
				C1D71F7F2876858800C6C510 /* SystemConfiguration.framework in Frameworks */,
				C1D71F7D2876857600C6C510 /* Accelerate.framework in Frameworks */,
				C1D71F7B2876856C00C6C510 /* CoreTelephony.framework in Frameworks */,
				C1D71F792876855400C6C510 /* AssetsLibrary.framework in Frameworks */,
				C1D71F772876854D00C6C510 /* CoreMedia.framework in Frameworks */,
				C1D71F752876854200C6C510 /* CoreGraphics.framework in Frameworks */,
				C1D71F732876853900C6C510 /* Security.framework in Frameworks */,
				C1D71F712876852000C6C510 /* VideoToolbox.framework in Frameworks */,
				C1D71F6F2876850600C6C510 /* AVFoundation.framework in Frameworks */,
				C1D71F6D287684FD00C6C510 /* libz.tbd in Frameworks */,
				C1D71F6B287684F500C6C510 /* libc++.tbd in Frameworks */,
				C15141722876C39800B3A632 /* TXLiteAVSDK_Framework.framework in Frameworks */,
				C1D71F69287684EB00C6C510 /* libresolv.tbd in Frameworks */,
				C1D71F67287684E000C6C510 /* libsqlite3.tbd in Frameworks */,
				C1D71F65287684D400C6C510 /* Metal.framework in Frameworks */,
				C1D71FD32876885F00C6C510 /* TXSoundTouch.xcframework in Frameworks */,
			);
			runOnlyForDeploymentPostprocessing = 0;
		};
/* End PBXFrameworksBuildPhase section */

/* Begin PBXGroup section */
		C1D71F63287684D400C6C510 /* Frameworks */ = {
			isa = PBXGroup;
			children = (
				C15141762876C6B000B3A632 /* GLKit.framework */,
				C15141742876C68300B3A632 /* ReplayKit.framework */,
				C1D71F84287685A600C6C510 /* Foundation.framework */,
				C1D71F822876859C00C6C510 /* MetalKit.framework */,
				C1D71F802876858F00C6C510 /* MobileCoreServices.framework */,
				C1D71F7E2876858800C6C510 /* SystemConfiguration.framework */,
				C1D71F7C2876857600C6C510 /* Accelerate.framework */,
				C1D71F7A2876856C00C6C510 /* CoreTelephony.framework */,
				C1D71F782876855400C6C510 /* AssetsLibrary.framework */,
				C1D71F762876854D00C6C510 /* CoreMedia.framework */,
				C1D71F742876854200C6C510 /* CoreGraphics.framework */,
				C1D71F722876853900C6C510 /* Security.framework */,
				C1D71F702876852000C6C510 /* VideoToolbox.framework */,
				C1D71F6E2876850600C6C510 /* AVFoundation.framework */,
				C1D71F6C287684FD00C6C510 /* libz.tbd */,
				C1D71F6A287684F500C6C510 /* libc++.tbd */,
				C1D71F68287684EB00C6C510 /* libresolv.tbd */,
				C1D71F66287684E000C6C510 /* libsqlite3.tbd */,
				C1D71F64287684D400C6C510 /* Metal.framework */,
			);
			name = Frameworks;
			sourceTree = "<group>";
		};
		C1D71FC92876878D00C6C510 /* SDK */ = {
			isa = PBXGroup;
			children = (
				C15141702876C38C00B3A632 /* TXLiteAVSDK_Framework.framework */,
				C1D71FCA2876878D00C6C510 /* TXSoundTouch.xcframework */,
				C1D71FCB2876878D00C6C510 /* TXFFmpeg.xcframework */,
			);
			path = SDK;
			sourceTree = "<group>";
		};
		C1E8B73D2875AB57001EFCB3 = {
			isa = PBXGroup;
			children = (
				C151418C2876E3A100B3A632 /* source_debug.config */,
				C1D71FC92876878D00C6C510 /* SDK */,
				C1E8B77928767BDA001EFCB3 /* DependProject.xcodeproj */,
				C1E8B7482875AB58001EFCB3 /* AppSourceDebugHookProject */,
				C1E8B76A2875ACBD001EFCB3 /* InjectionFramework */,
				C1E8B7472875AB58001EFCB3 /* Products */,
				C1D71F63287684D400C6C510 /* Frameworks */,
			);
			sourceTree = "<group>";
		};
		C1E8B7472875AB58001EFCB3 /* Products */ = {
			isa = PBXGroup;
			children = (
				C1E8B7462875AB58001EFCB3 /* AppSourceDebugHookProject.app */,
				C1E8B7692875ACBD001EFCB3 /* InjectionFramework.framework */,
			);
			name = Products;
			sourceTree = "<group>";
		};
		C1E8B7482875AB58001EFCB3 /* AppSourceDebugHookProject */ = {
			isa = PBXGroup;
			children = (
				C1E8B7492875AB58001EFCB3 /* AppDelegate.h */,
				C1E8B74A2875AB58001EFCB3 /* AppDelegate.m */,
				C1E8B74C2875AB58001EFCB3 /* SceneDelegate.h */,
				C1E8B74D2875AB58001EFCB3 /* SceneDelegate.m */,
				C1E8B74F2875AB58001EFCB3 /* ViewController.h */,
				C1E8B7502875AB58001EFCB3 /* ViewController.m */,
				C1E8B7522875AB58001EFCB3 /* Main.storyboard */,
				C1E8B7552875AB59001EFCB3 /* Assets.xcassets */,
				C1E8B7572875AB59001EFCB3 /* LaunchScreen.storyboard */,
				C1E8B75A2875AB59001EFCB3 /* Info.plist */,
				C1E8B75B2875AB59001EFCB3 /* main.m */,
			);
			path = AppSourceDebugHookProject;
			sourceTree = "<group>";
		};
		C1E8B76A2875ACBD001EFCB3 /* InjectionFramework */ = {
			isa = PBXGroup;
			children = (
				C1E8B78528767CB3001EFCB3 /* FrameworkHeader.h */,
				C1E8B79028767CB3001EFCB3 /* InjectionFrameworkManage.h */,
				C1E8B79228767CB3001EFCB3 /* InjectionFrameworkManage.mm */,
				C1E8B79428767CB3001EFCB3 /* InjectionFunction.h */,
				C1E8B78A28767CB3001EFCB3 /* InjectionFunction.mm */,
				C1E8B78428767CB3001EFCB3 /* NSObject+injection_exchange.h */,
				C1E8B78D28767CB3001EFCB3 /* NSObject+injection_exchange.m */,
				C1E8B78C28767CB3001EFCB3 /* NSObject+NSBundle.h */,
				C1E8B78328767CB3001EFCB3 /* NSObject+NSBundle.mm */,
				C1E8B78828767CB3001EFCB3 /* NSObject+TRTCCloud.h */,
				C1E8B79328767CB3001EFCB3 /* NSObject+TRTCCloud.mm */,
				C1E8B78E28767CB3001EFCB3 /* NSObject+TXLiveBase.h */,
				C1E8B78F28767CB3001EFCB3 /* NSObject+TXLiveBase.mm */,
				C1E8B78628767CB3001EFCB3 /* NSObject+TXLivePlayer.h */,
				C1E8B78728767CB3001EFCB3 /* NSObject+TXLivePlayer.mm */,
				C151417E2876DE1B00B3A632 /* NSObject+TXLivePush.h */,
				C151417D2876DE1B00B3A632 /* NSObject+TXLivePush.mm */,
				C1E8B78928767CB3001EFCB3 /* NSObject+V2TXLivePlayer.h */,
				C1E8B79128767CB3001EFCB3 /* NSObject+V2TXLivePlayer.mm */,
				C1E8B78B28767CB3001EFCB3 /* NSObject+V2TXLivePusher.h */,
				C1E8B79528767CB3001EFCB3 /* NSObject+V2TXLivePusher.mm */,
			);
			path = InjectionFramework;
			sourceTree = "<group>";
		};
		C1E8B77A28767BDA001EFCB3 /* Products */ = {
			isa = PBXGroup;
			children = (
				C1E8B77E28767BDA001EFCB3 /* DependProject.framework */,
			);
			name = Products;
			sourceTree = "<group>";
		};
/* End PBXGroup section */

/* Begin PBXHeadersBuildPhase section */
		C1E8B7642875ACBD001EFCB3 /* Headers */ = {
			isa = PBXHeadersBuildPhase;
			buildActionMask = 2147483647;
			files = (
				C1E8B79928767CB3001EFCB3 /* NSObject+TXLivePlayer.h in Headers */,
				C1E8B79E28767CB4001EFCB3 /* NSObject+V2TXLivePusher.h in Headers */,
				C1E8B79B28767CB3001EFCB3 /* NSObject+TRTCCloud.h in Headers */,
				C1E8B79828767CB3001EFCB3 /* FrameworkHeader.h in Headers */,
				C1E8B79F28767CB4001EFCB3 /* NSObject+NSBundle.h in Headers */,
				C1E8B7A128767CB4001EFCB3 /* NSObject+TXLiveBase.h in Headers */,
				C1E8B7A328767CB4001EFCB3 /* InjectionFrameworkManage.h in Headers */,
				C1E8B79728767CB3001EFCB3 /* NSObject+injection_exchange.h in Headers */,
				C15141802876DE1B00B3A632 /* NSObject+TXLivePush.h in Headers */,
				C1E8B7A728767CB4001EFCB3 /* InjectionFunction.h in Headers */,
				C1E8B79C28767CB3001EFCB3 /* NSObject+V2TXLivePlayer.h in Headers */,
			);
			runOnlyForDeploymentPostprocessing = 0;
		};
/* End PBXHeadersBuildPhase section */

/* Begin PBXNativeTarget section */
		C1E8B7452875AB58001EFCB3 /* AppSourceDebugHookProject */ = {
			isa = PBXNativeTarget;
			buildConfigurationList = C1E8B75F2875AB59001EFCB3 /* Build configuration list for PBXNativeTarget "AppSourceDebugHookProject" */;
			buildPhases = (
				C1E8B7422875AB58001EFCB3 /* Sources */,
				C1E8B7432875AB58001EFCB3 /* Frameworks */,
				C1E8B7442875AB58001EFCB3 /* Resources */,
				C1E8B77828767B16001EFCB3 /* ShellScript */,
				C1D71F89287686B600C6C510 /* Embed Frameworks */,
			);
			buildRules = (
			);
			dependencies = (
			);
			name = AppSourceDebugHookProject;
			productName = AppSourceDebugHookProject;
			productReference = C1E8B7462875AB58001EFCB3 /* AppSourceDebugHookProject.app */;
			productType = "com.apple.product-type.application";
		};
		C1E8B7682875ACBD001EFCB3 /* InjectionFramework */ = {
			isa = PBXNativeTarget;
			buildConfigurationList = C1E8B7742875ACBD001EFCB3 /* Build configuration list for PBXNativeTarget "InjectionFramework" */;
			buildPhases = (
				C1E8B7642875ACBD001EFCB3 /* Headers */,
				C1E8B7652875ACBD001EFCB3 /* Sources */,
				C1E8B7662875ACBD001EFCB3 /* Frameworks */,
				C1E8B7672875ACBD001EFCB3 /* Resources */,
				C1D71FD22876885D00C6C510 /* Embed Frameworks */,
			);
			buildRules = (
			);
			dependencies = (
			);
			name = InjectionFramework;
			productName = InjectionFramework;
			productReference = C1E8B7692875ACBD001EFCB3 /* InjectionFramework.framework */;
			productType = "com.apple.product-type.framework";
		};
/* End PBXNativeTarget section */

/* Begin PBXProject section */
		C1E8B73E2875AB57001EFCB3 /* Project object */ = {
			isa = PBXProject;
			attributes = {
				BuildIndependentTargetsInParallel = 1;
				LastUpgradeCheck = 1340;
				TargetAttributes = {
					C1E8B7452875AB58001EFCB3 = {
						CreatedOnToolsVersion = 13.4.1;
					};
					C1E8B7682875ACBD001EFCB3 = {
						CreatedOnToolsVersion = 13.4.1;
					};
				};
			};
			buildConfigurationList = C1E8B7412875AB57001EFCB3 /* Build configuration list for PBXProject "AppSourceDebugHookProject" */;
			compatibilityVersion = "Xcode 13.0";
			developmentRegion = en;
			hasScannedForEncodings = 0;
			knownRegions = (
				en,
				Base,
			);
			mainGroup = C1E8B73D2875AB57001EFCB3;
			productRefGroup = C1E8B7472875AB58001EFCB3 /* Products */;
			projectDirPath = "";
			projectReferences = (
				{
					ProductGroup = C1E8B77A28767BDA001EFCB3 /* Products */;
					ProjectRef = C1E8B77928767BDA001EFCB3 /* DependProject.xcodeproj */;
				},
			);
			projectRoot = "";
			targets = (
				C1E8B7452875AB58001EFCB3 /* AppSourceDebugHookProject */,
				C1E8B7682875ACBD001EFCB3 /* InjectionFramework */,
			);
		};
/* End PBXProject section */

/* Begin PBXReferenceProxy section */
		C1E8B77E28767BDA001EFCB3 /* DependProject.framework */ = {
			isa = PBXReferenceProxy;
			fileType = wrapper.framework;
			path = DependProject.framework;
			remoteRef = C1E8B77D28767BDA001EFCB3 /* PBXContainerItemProxy */;
			sourceTree = BUILT_PRODUCTS_DIR;
		};
/* End PBXReferenceProxy section */

/* Begin PBXResourcesBuildPhase section */
		C1E8B7442875AB58001EFCB3 /* Resources */ = {
			isa = PBXResourcesBuildPhase;
			buildActionMask = 2147483647;
			files = (
				C1E8B7592875AB59001EFCB3 /* LaunchScreen.storyboard in Resources */,
				C1E8B7562875AB59001EFCB3 /* Assets.xcassets in Resources */,
				C1E8B7542875AB58001EFCB3 /* Main.storyboard in Resources */,
			);
			runOnlyForDeploymentPostprocessing = 0;
		};
		C1E8B7672875ACBD001EFCB3 /* Resources */ = {
			isa = PBXResourcesBuildPhase;
			buildActionMask = 2147483647;
			files = (
			);
			runOnlyForDeploymentPostprocessing = 0;
		};
/* End PBXResourcesBuildPhase section */

/* Begin PBXShellScriptBuildPhase section */
		C1E8B77828767B16001EFCB3 /* ShellScript */ = {
			isa = PBXShellScriptBuildPhase;
			buildActionMask = 2147483647;
			files = (
			);
			inputFileListPaths = (
			);
			inputPaths = (
			);
			outputFileListPaths = (
			);
			outputPaths = (
			);
			runOnlyForDeploymentPostprocessing = 0;
			shellPath = /bin/sh;
			shellScript = "# Type a script or drag a script file from your workspace to insert its path.\n# copy ipa\nSHELL_DIR=${PROJECT_DIR}/../Source_Debug_CI/\ncd ${SHELL_DIR}\n./copy_ipa.sh\nexit 0\n";
		};
/* End PBXShellScriptBuildPhase section */

/* Begin PBXSourcesBuildPhase section */
		C1E8B7422875AB58001EFCB3 /* Sources */ = {
			isa = PBXSourcesBuildPhase;
			buildActionMask = 2147483647;
			files = (
				C1E8B7512875AB58001EFCB3 /* ViewController.m in Sources */,
				C1E8B74B2875AB58001EFCB3 /* AppDelegate.m in Sources */,
				C1E8B75C2875AB59001EFCB3 /* main.m in Sources */,
				C1E8B74E2875AB58001EFCB3 /* SceneDelegate.m in Sources */,
			);
			runOnlyForDeploymentPostprocessing = 0;
		};
		C1E8B7652875ACBD001EFCB3 /* Sources */ = {
			isa = PBXSourcesBuildPhase;
			buildActionMask = 2147483647;
			files = (
				C1E8B7A028767CB4001EFCB3 /* NSObject+injection_exchange.m in Sources */,
				C1E8B7A228767CB4001EFCB3 /* NSObject+TXLiveBase.mm in Sources */,
				C1E8B7A428767CB4001EFCB3 /* NSObject+V2TXLivePlayer.mm in Sources */,
				C1E8B79A28767CB3001EFCB3 /* NSObject+TXLivePlayer.mm in Sources */,
				C1E8B7A828767CB4001EFCB3 /* NSObject+V2TXLivePusher.mm in Sources */,
				C151417F2876DE1B00B3A632 /* NSObject+TXLivePush.mm in Sources */,
				C1E8B79628767CB3001EFCB3 /* NSObject+NSBundle.mm in Sources */,
				C1E8B79D28767CB3001EFCB3 /* InjectionFunction.mm in Sources */,
				C1E8B7A628767CB4001EFCB3 /* NSObject+TRTCCloud.mm in Sources */,
				C1E8B7A528767CB4001EFCB3 /* InjectionFrameworkManage.mm in Sources */,
			);
			runOnlyForDeploymentPostprocessing = 0;
		};
/* End PBXSourcesBuildPhase section */

/* Begin PBXVariantGroup section */
		C1E8B7522875AB58001EFCB3 /* Main.storyboard */ = {
			isa = PBXVariantGroup;
			children = (
				C1E8B7532875AB58001EFCB3 /* Base */,
			);
			name = Main.storyboard;
			sourceTree = "<group>";
		};
		C1E8B7572875AB59001EFCB3 /* LaunchScreen.storyboard */ = {
			isa = PBXVariantGroup;
			children = (
				C1E8B7582875AB59001EFCB3 /* Base */,
			);
			name = LaunchScreen.storyboard;
			sourceTree = "<group>";
		};
/* End PBXVariantGroup section */

/* Begin XCBuildConfiguration section */
		C1E8B75D2875AB59001EFCB3 /* Debug */ = {
			isa = XCBuildConfiguration;
			buildSettings = {
				ALWAYS_SEARCH_USER_PATHS = NO;
				CLANG_ANALYZER_NONNULL = YES;
				CLANG_ANALYZER_NUMBER_OBJECT_CONVERSION = YES_AGGRESSIVE;
				CLANG_CXX_LANGUAGE_STANDARD = "gnu++17";
				CLANG_ENABLE_MODULES = YES;
				CLANG_ENABLE_OBJC_ARC = YES;
				CLANG_ENABLE_OBJC_WEAK = YES;
				CLANG_WARN_BLOCK_CAPTURE_AUTORELEASING = YES;
				CLANG_WARN_BOOL_CONVERSION = YES;
				CLANG_WARN_COMMA = YES;
				CLANG_WARN_CONSTANT_CONVERSION = YES;
				CLANG_WARN_DEPRECATED_OBJC_IMPLEMENTATIONS = YES;
				CLANG_WARN_DIRECT_OBJC_ISA_USAGE = YES_ERROR;
				CLANG_WARN_DOCUMENTATION_COMMENTS = YES;
				CLANG_WARN_EMPTY_BODY = YES;
				CLANG_WARN_ENUM_CONVERSION = YES;
				CLANG_WARN_INFINITE_RECURSION = YES;
				CLANG_WARN_INT_CONVERSION = YES;
				CLANG_WARN_NON_LITERAL_NULL_CONVERSION = YES;
				CLANG_WARN_OBJC_IMPLICIT_RETAIN_SELF = YES;
				CLANG_WARN_OBJC_LITERAL_CONVERSION = YES;
				CLANG_WARN_OBJC_ROOT_CLASS = YES_ERROR;
				CLANG_WARN_QUOTED_INCLUDE_IN_FRAMEWORK_HEADER = YES;
				CLANG_WARN_RANGE_LOOP_ANALYSIS = YES;
				CLANG_WARN_STRICT_PROTOTYPES = YES;
				CLANG_WARN_SUSPICIOUS_MOVE = YES;
				CLANG_WARN_UNGUARDED_AVAILABILITY = YES_AGGRESSIVE;
				CLANG_WARN_UNREACHABLE_CODE = YES;
				CLANG_WARN__DUPLICATE_METHOD_MATCH = YES;
				COPY_PHASE_STRIP = NO;
				DEBUG_INFORMATION_FORMAT = dwarf;
				ENABLE_STRICT_OBJC_MSGSEND = YES;
				ENABLE_TESTABILITY = YES;
				GCC_C_LANGUAGE_STANDARD = gnu11;
				GCC_DYNAMIC_NO_PIC = NO;
				GCC_NO_COMMON_BLOCKS = YES;
				GCC_OPTIMIZATION_LEVEL = 0;
				GCC_PREPROCESSOR_DEFINITIONS = (
					"DEBUG=1",
					"$(inherited)",
				);
				GCC_WARN_64_TO_32_BIT_CONVERSION = YES;
				GCC_WARN_ABOUT_RETURN_TYPE = YES_ERROR;
				GCC_WARN_UNDECLARED_SELECTOR = YES;
				GCC_WARN_UNINITIALIZED_AUTOS = YES_AGGRESSIVE;
				GCC_WARN_UNUSED_FUNCTION = YES;
				GCC_WARN_UNUSED_VARIABLE = YES;
				IPHONEOS_DEPLOYMENT_TARGET = 15.5;
				MTL_ENABLE_DEBUG_INFO = INCLUDE_SOURCE;
				MTL_FAST_MATH = YES;
				ONLY_ACTIVE_ARCH = YES;
				SDKROOT = iphoneos;
			};
			name = Debug;
		};
		C1E8B75E2875AB59001EFCB3 /* Release */ = {
			isa = XCBuildConfiguration;
			buildSettings = {
				ALWAYS_SEARCH_USER_PATHS = NO;
				CLANG_ANALYZER_NONNULL = YES;
				CLANG_ANALYZER_NUMBER_OBJECT_CONVERSION = YES_AGGRESSIVE;
				CLANG_CXX_LANGUAGE_STANDARD = "gnu++17";
				CLANG_ENABLE_MODULES = YES;
				CLANG_ENABLE_OBJC_ARC = YES;
				CLANG_ENABLE_OBJC_WEAK = YES;
				CLANG_WARN_BLOCK_CAPTURE_AUTORELEASING = YES;
				CLANG_WARN_BOOL_CONVERSION = YES;
				CLANG_WARN_COMMA = YES;
				CLANG_WARN_CONSTANT_CONVERSION = YES;
				CLANG_WARN_DEPRECATED_OBJC_IMPLEMENTATIONS = YES;
				CLANG_WARN_DIRECT_OBJC_ISA_USAGE = YES_ERROR;
				CLANG_WARN_DOCUMENTATION_COMMENTS = YES;
				CLANG_WARN_EMPTY_BODY = YES;
				CLANG_WARN_ENUM_CONVERSION = YES;
				CLANG_WARN_INFINITE_RECURSION = YES;
				CLANG_WARN_INT_CONVERSION = YES;
				CLANG_WARN_NON_LITERAL_NULL_CONVERSION = YES;
				CLANG_WARN_OBJC_IMPLICIT_RETAIN_SELF = YES;
				CLANG_WARN_OBJC_LITERAL_CONVERSION = YES;
				CLANG_WARN_OBJC_ROOT_CLASS = YES_ERROR;
				CLANG_WARN_QUOTED_INCLUDE_IN_FRAMEWORK_HEADER = YES;
				CLANG_WARN_RANGE_LOOP_ANALYSIS = YES;
				CLANG_WARN_STRICT_PROTOTYPES = YES;
				CLANG_WARN_SUSPICIOUS_MOVE = YES;
				CLANG_WARN_UNGUARDED_AVAILABILITY = YES_AGGRESSIVE;
				CLANG_WARN_UNREACHABLE_CODE = YES;
				CLANG_WARN__DUPLICATE_METHOD_MATCH = YES;
				COPY_PHASE_STRIP = NO;
				DEBUG_INFORMATION_FORMAT = "dwarf-with-dsym";
				ENABLE_NS_ASSERTIONS = NO;
				ENABLE_STRICT_OBJC_MSGSEND = YES;
				GCC_C_LANGUAGE_STANDARD = gnu11;
				GCC_NO_COMMON_BLOCKS = YES;
				GCC_WARN_64_TO_32_BIT_CONVERSION = YES;
				GCC_WARN_ABOUT_RETURN_TYPE = YES_ERROR;
				GCC_WARN_UNDECLARED_SELECTOR = YES;
				GCC_WARN_UNINITIALIZED_AUTOS = YES_AGGRESSIVE;
				GCC_WARN_UNUSED_FUNCTION = YES;
				GCC_WARN_UNUSED_VARIABLE = YES;
				IPHONEOS_DEPLOYMENT_TARGET = 15.5;
				MTL_ENABLE_DEBUG_INFO = NO;
				MTL_FAST_MATH = YES;
				SDKROOT = iphoneos;
				VALIDATE_PRODUCT = YES;
			};
			name = Release;
		};
		C1E8B7602875AB59001EFCB3 /* Debug */ = {
			isa = XCBuildConfiguration;
			buildSettings = {
				ASSETCATALOG_COMPILER_APPICON_NAME = AppIcon;
				ASSETCATALOG_COMPILER_GLOBAL_ACCENT_COLOR_NAME = AccentColor;
				CODE_SIGN_IDENTITY = "iPhone Developer";
				CODE_SIGN_STYLE = Manual;
				CURRENT_PROJECT_VERSION = 1;
				DEVELOPMENT_TEAM = F8A3GH6Q4W;
				ENABLE_BITCODE = NO;
				GENERATE_INFOPLIST_FILE = YES;
				INFOPLIST_FILE = AppSourceDebugHookProject/Info.plist;
				INFOPLIST_KEY_UIApplicationSupportsIndirectInputEvents = YES;
				INFOPLIST_KEY_UILaunchStoryboardName = LaunchScreen;
				INFOPLIST_KEY_UIMainStoryboardFile = Main;
				INFOPLIST_KEY_UISupportedInterfaceOrientations_iPad = "UIInterfaceOrientationPortrait UIInterfaceOrientationPortraitUpsideDown UIInterfaceOrientationLandscapeLeft UIInterfaceOrientationLandscapeRight";
				INFOPLIST_KEY_UISupportedInterfaceOrientations_iPhone = "UIInterfaceOrientationPortrait UIInterfaceOrientationLandscapeLeft UIInterfaceOrientationLandscapeRight";
				IPHONEOS_DEPLOYMENT_TARGET = 10.0;
				LD_RUNPATH_SEARCH_PATHS = (
					"$(inherited)",
					"@executable_path/Frameworks",
				);
				MARKETING_VERSION = 1.0;
				PRODUCT_BUNDLE_IDENTIFIER = com.tencent.AppSourceDebugHookProject;
				PRODUCT_NAME = "$(TARGET_NAME)";
				PROVISIONING_PROFILE_SPECIFIER = abyWildcardDev;
				SWIFT_EMIT_LOC_STRINGS = YES;
				TARGETED_DEVICE_FAMILY = "1,2";
			};
			name = Debug;
		};
		C1E8B7612875AB59001EFCB3 /* Release */ = {
			isa = XCBuildConfiguration;
			buildSettings = {
				ASSETCATALOG_COMPILER_APPICON_NAME = AppIcon;
				ASSETCATALOG_COMPILER_GLOBAL_ACCENT_COLOR_NAME = AccentColor;
				CODE_SIGN_STYLE = Manual;
				CURRENT_PROJECT_VERSION = 1;
				DEVELOPMENT_TEAM = "";
				ENABLE_BITCODE = NO;
				GENERATE_INFOPLIST_FILE = YES;
				INFOPLIST_FILE = AppSourceDebugHookProject/Info.plist;
				INFOPLIST_KEY_UIApplicationSupportsIndirectInputEvents = YES;
				INFOPLIST_KEY_UILaunchStoryboardName = LaunchScreen;
				INFOPLIST_KEY_UIMainStoryboardFile = Main;
				INFOPLIST_KEY_UISupportedInterfaceOrientations_iPad = "UIInterfaceOrientationPortrait UIInterfaceOrientationPortraitUpsideDown UIInterfaceOrientationLandscapeLeft UIInterfaceOrientationLandscapeRight";
				INFOPLIST_KEY_UISupportedInterfaceOrientations_iPhone = "UIInterfaceOrientationPortrait UIInterfaceOrientationLandscapeLeft UIInterfaceOrientationLandscapeRight";
				IPHONEOS_DEPLOYMENT_TARGET = 10.0;
				LD_RUNPATH_SEARCH_PATHS = (
					"$(inherited)",
					"@executable_path/Frameworks",
				);
				MARKETING_VERSION = 1.0;
				PRODUCT_BUNDLE_IDENTIFIER = com.tencent.AppSourceDebugHookProject.AppSourceDebugHookProject;
				PRODUCT_NAME = "$(TARGET_NAME)";
				PROVISIONING_PROFILE_SPECIFIER = "";
				SWIFT_EMIT_LOC_STRINGS = YES;
				TARGETED_DEVICE_FAMILY = "1,2";
			};
			name = Release;
		};
		C1E8B7722875ACBD001EFCB3 /* Debug */ = {
			isa = XCBuildConfiguration;
			buildSettings = {
				CLANG_ENABLE_MODULES = NO;
				CODE_SIGN_IDENTITY = "iPhone Developer";
				CODE_SIGN_STYLE = Manual;
				CURRENT_PROJECT_VERSION = 1;
				DEFINES_MODULE = YES;
				DEVELOPMENT_TEAM = "";
				DYLIB_COMPATIBILITY_VERSION = 1;
				DYLIB_CURRENT_VERSION = 1;
				DYLIB_INSTALL_NAME_BASE = "@rpath";
				ENABLE_BITCODE = NO;
				FRAMEWORK_SEARCH_PATHS = (
					"\"$(SRCROOT)/SDK\"",
					"$(PROJECT_DIR)/SDK",
				);
				GENERATE_INFOPLIST_FILE = YES;
				HEADER_SEARCH_PATHS = "";
				INFOPLIST_KEY_NSHumanReadableCopyright = "";
				INSTALL_PATH = "$(LOCAL_LIBRARY_DIR)/Frameworks";
				IPHONEOS_DEPLOYMENT_TARGET = 10.0;
				LD_RUNPATH_SEARCH_PATHS = (
					"$(inherited)",
					"@executable_path/Frameworks",
					"@loader_path/Frameworks",
				);
				LIBRARY_SEARCH_PATHS = "\"$(SRCROOT)/SDK\"";
				MARKETING_VERSION = 1.0;
				PRODUCT_BUNDLE_IDENTIFIER = com.tencent.AppSourceDebugHookProject.InjectionFramework;
				PRODUCT_NAME = "$(TARGET_NAME:c99extidentifier)";
				PROVISIONING_PROFILE_SPECIFIER = "";
				"PROVISIONING_PROFILE_SPECIFIER[sdk=macosx*]" = "";
				SKIP_INSTALL = YES;
				SWIFT_EMIT_LOC_STRINGS = YES;
				SYSTEM_FRAMEWORK_SEARCH_PATHS = "\"$(SRCROOT)/SDK\"";
				TARGETED_DEVICE_FAMILY = "1,2";
				VERSIONING_SYSTEM = "apple-generic";
				VERSION_INFO_PREFIX = "";
			};
			name = Debug;
		};
		C1E8B7732875ACBD001EFCB3 /* Release */ = {
			isa = XCBuildConfiguration;
			buildSettings = {
				CLANG_ENABLE_MODULES = NO;
				CODE_SIGN_STYLE = Automatic;
				CURRENT_PROJECT_VERSION = 1;
				DEFINES_MODULE = YES;
				DEVELOPMENT_TEAM = "";
				DYLIB_COMPATIBILITY_VERSION = 1;
				DYLIB_CURRENT_VERSION = 1;
				DYLIB_INSTALL_NAME_BASE = "@rpath";
				ENABLE_BITCODE = NO;
				FRAMEWORK_SEARCH_PATHS = (
					"\"$(SRCROOT)/SDK\"",
					"$(PROJECT_DIR)/SDK",
				);
				GENERATE_INFOPLIST_FILE = YES;
				HEADER_SEARCH_PATHS = "";
				INFOPLIST_KEY_NSHumanReadableCopyright = "";
				INSTALL_PATH = "$(LOCAL_LIBRARY_DIR)/Frameworks";
				IPHONEOS_DEPLOYMENT_TARGET = 10.0;
				LD_RUNPATH_SEARCH_PATHS = (
					"$(inherited)",
					"@executable_path/Frameworks",
					"@loader_path/Frameworks",
				);
				LIBRARY_SEARCH_PATHS = "\"$(SRCROOT)/SDK\"";
				MARKETING_VERSION = 1.0;
				PRODUCT_BUNDLE_IDENTIFIER = com.tencent.AppSourceDebugHookProject.InjectionFramework;
				PRODUCT_NAME = "$(TARGET_NAME:c99extidentifier)";
				SKIP_INSTALL = YES;
				SWIFT_EMIT_LOC_STRINGS = YES;
				SYSTEM_FRAMEWORK_SEARCH_PATHS = "\"$(SRCROOT)/SDK\"";
				TARGETED_DEVICE_FAMILY = "1,2";
				VERSIONING_SYSTEM = "apple-generic";
				VERSION_INFO_PREFIX = "";
			};
			name = Release;
		};
/* End XCBuildConfiguration section */

/* Begin XCConfigurationList section */
		C1E8B7412875AB57001EFCB3 /* Build configuration list for PBXProject "AppSourceDebugHookProject" */ = {
			isa = XCConfigurationList;
			buildConfigurations = (
				C1E8B75D2875AB59001EFCB3 /* Debug */,
				C1E8B75E2875AB59001EFCB3 /* Release */,
			);
			defaultConfigurationIsVisible = 0;
			defaultConfigurationName = Release;
		};
		C1E8B75F2875AB59001EFCB3 /* Build configuration list for PBXNativeTarget "AppSourceDebugHookProject" */ = {
			isa = XCConfigurationList;
			buildConfigurations = (
				C1E8B7602875AB59001EFCB3 /* Debug */,
				C1E8B7612875AB59001EFCB3 /* Release */,
			);
			defaultConfigurationIsVisible = 0;
			defaultConfigurationName = Release;
		};
		C1E8B7742875ACBD001EFCB3 /* Build configuration list for PBXNativeTarget "InjectionFramework" */ = {
			isa = XCConfigurationList;
			buildConfigurations = (
				C1E8B7722875ACBD001EFCB3 /* Debug */,
				C1E8B7732875ACBD001EFCB3 /* Release */,
			);
			defaultConfigurationIsVisible = 0;
			defaultConfigurationName = Release;
		};
/* End XCConfigurationList section */
	};
	rootObject = C1E8B73E2875AB57001EFCB3 /* Project object */;
}
